
Microsoft Visual Studio Solution File, Format Version 12.00
# Visual Studio Version 16
VisualStudioVersion = 16.0.33328.57
MinimumVisualStudioVersion = 10.0.40219.1
Project("{FAE04EC0-301F-11D3-BF4B-00C04F79EFBC}") = "x.hotel", "x.hotel\x.hotel.csproj", "{6DC8B2F1-9C78-4640-A0F8-3EE9ED571801}"
EndProject
Global
	GlobalSection(SolutionConfigurationPlatforms) = preSolution
		Debug|Any CPU = Debug|Any CPU
		Release|Any CPU = Release|Any CPU
	EndGlobalSection
	GlobalSection(ProjectConfigurationPlatforms) = postSolution
		{6DC8B2F1-9C78-4640-A0F8-3EE9ED571801}.Debug|Any CPU.ActiveCfg = Debug|Any CPU
		{6DC8B2F1-9C78-4640-A0F8-3EE9ED571801}.Debug|Any CPU.Build.0 = Debug|Any CPU
		{6DC8B2F1-9C78-4640-A0F8-3EE9ED571801}.Release|Any CPU.ActiveCfg = Release|Any CPU
		{6DC8B2F1-9C78-4640-A0F8-3EE9ED571801}.Release|Any CPU.Build.0 = Release|Any CPU
	EndGlobalSection
	GlobalSection(SolutionProperties) = preSolution
		HideSolutionNode = FALSE
	EndGlobalSection
	GlobalSection(ExtensibilityGlobals) = postSolution
		SolutionGuid = {6E8DAA70-E59E-4309-B283-06A6B360D7F7}
	EndGlobalSection
EndGlobal
